# This file is autogenerated, do not edit; changes may be undone by the next 'dep ensure'.


[[projects]]
  branch = "master"
  digest = "1:e3f0665efad61fbb71de960ca910f246a1aecb3e6b4c65d18b0c344fe9473e73"
  name = "github.com/gorilla/mux"
  packages = ["."]
  pruneopts = "UT"
  revision = "deb579d6e030503f430978ee229008b9bc912d40"
  source = "https://github.com/gorilla/mux.git"

[solve-meta]
  analyzer-name = "dep"
  analyzer-version = 1
  input-imports = ["github.com/gorilla/mux"]
  solver-name = "gps-cdcl"
  solver-version = 1
